
Microsoft Visual Studio Solution File, Format Version 12.00
# Visual Studio Version 17
VisualStudioVersion = 17.0.31903.59
MinimumVisualStudioVersion = 10.0.40219.1
Project("{9A19103F-16F7-4668-BE54-9A1E7A4F7556}") = "KlocTools", "KlocTools\KlocTools.csproj", "{08EF4EE1-BC58-4AEA-A1CE-683175E2EF76}"
EndProject
Project("{9A19103F-16F7-4668-BE54-9A1E7A4F7556}") = "UninstallTools", "UninstallTools\UninstallTools.csproj", "{A310A7FC-2F63-4614-B0C1-5F912E1A2B41}"
EndProject
Project("{2150E333-8FDC-42A3-9474-1A3956D46DE8}") = "SolutionItems", "SolutionItems", "{BE7F4B9D-B989-4377-8B22-5CBF7D37A612}"
	ProjectSection(SolutionItems) = preProject
		.editorconfig = .editorconfig
		.gitignore = .gitignore
		Directory.Build.props = Directory.Build.props
		Directory.Packages.props = Directory.Packages.props
		global.json = global.json
	EndProjectSection
EndProject
Project("{9A19103F-16F7-4668-BE54-9A1E7A4F7556}") = "SalceteAppCafe.UI", "SalceteAppCafe.UI\SalceteAppCafe.UI.csproj", "{43E6EC5A-05DB-4178-9C4E-DC6E442EDDEE}"
EndProject
Project("{9A19103F-16F7-4668-BE54-9A1E7A4F7556}") = "SalceteAppCafe.UI.Desktop", "SalceteAppCafe.UI.Desktop\SalceteAppCafe.UI.Desktop.csproj", "{24D66445-9515-4FFD-ABC6-62AA4F70E080}"
EndProject
Global
	GlobalSection(SolutionConfigurationPlatforms) = preSolution
		Debug|Any CPU = Debug|Any CPU
		Release|Any CPU = Release|Any CPU
	EndGlobalSection
	GlobalSection(ProjectConfigurationPlatforms) = postSolution
		{08EF4EE1-BC58-4AEA-A1CE-683175E2EF76}.Debug|Any CPU.ActiveCfg = Debug|Any CPU
		{08EF4EE1-BC58-4AEA-A1CE-683175E2EF76}.Debug|Any CPU.Build.0 = Debug|Any CPU
		{08EF4EE1-BC58-4AEA-A1CE-683175E2EF76}.Release|Any CPU.ActiveCfg = Release|Any CPU
		{08EF4EE1-BC58-4AEA-A1CE-683175E2EF76}.Release|Any CPU.Build.0 = Release|Any CPU
		{A310A7FC-2F63-4614-B0C1-5F912E1A2B41}.Debug|Any CPU.ActiveCfg = Debug|Any CPU
		{A310A7FC-2F63-4614-B0C1-5F912E1A2B41}.Debug|Any CPU.Build.0 = Debug|Any CPU
		{A310A7FC-2F63-4614-B0C1-5F912E1A2B41}.Release|Any CPU.ActiveCfg = Release|Any CPU
		{A310A7FC-2F63-4614-B0C1-5F912E1A2B41}.Release|Any CPU.Build.0 = Release|Any CPU
		{43E6EC5A-05DB-4178-9C4E-DC6E442EDDEE}.Debug|Any CPU.ActiveCfg = Debug|Any CPU
		{43E6EC5A-05DB-4178-9C4E-DC6E442EDDEE}.Debug|Any CPU.Build.0 = Debug|Any CPU
		{43E6EC5A-05DB-4178-9C4E-DC6E442EDDEE}.Release|Any CPU.ActiveCfg = Release|Any CPU
		{43E6EC5A-05DB-4178-9C4E-DC6E442EDDEE}.Release|Any CPU.Build.0 = Release|Any CPU
		{24D66445-9515-4FFD-ABC6-62AA4F70E080}.Debug|Any CPU.ActiveCfg = Debug|Any CPU
		{24D66445-9515-4FFD-ABC6-62AA4F70E080}.Debug|Any CPU.Build.0 = Debug|Any CPU
		{24D66445-9515-4FFD-ABC6-62AA4F70E080}.Release|Any CPU.ActiveCfg = Release|Any CPU
		{24D66445-9515-4FFD-ABC6-62AA4F70E080}.Release|Any CPU.Build.0 = Release|Any CPU
	EndGlobalSection
	GlobalSection(SolutionProperties) = preSolution
		HideSolutionNode = FALSE
	EndGlobalSection
	GlobalSection(ExtensibilityGlobals) = postSolution
		SolutionGuid = {192139BA-B64C-4545-8B50-D780DCBD8706}
	EndGlobalSection
EndGlobal
